lockfileVersion: '9.0'

settings:
  autoInstallPeers: true
  excludeLinksFromLockfile: false

importers:

  .:
    dependencies:
      '@hookform/resolvers':
        specifier: ^5.2.2
        version: 5.2.2(react-hook-form@7.69.0(react@19.2.3))
      '@radix-ui/react-alert-dialog':
        specifier: ^1.1.15
        version: 1.1.15(react-dom@19.2.3(react@19.2.3))(react@19.2.3)
      '@radix-ui/react-dialog':
        specifier: ^1.1.15
        version: 1.1.15(react-dom@19.2.3(react@19.2.3))(react@19.2.3)
      '@radix-ui/react-progress':
        specifier: ^1.1.8
        version: 1.1.8(react-dom@19.2.3(react@19.2.3))(react@19.2.3)
      '@radix-ui/react-select':
        specifier: ^2.2.6
        version: 2.2.6(react-dom@19.2.3(react@19.2.3))(react@19.2.3)
      '@radix-ui/react-slot':
        specifier: ^1.2.4
        version: 1.2.4(react@19.2.3)
      '@radix-ui/react-tabs':
        specifier: ^1.1.13
        version: 1.1.13(react-dom@19.2.3(react@19.2.3))(react@19.2.3)
      '@radix-ui/react-toggle':
        specifier: ^1.1.10
        version: 1.1.10(react-dom@19.2.3(react@19.2.3))(react@19.2.3)
      '@radix-ui/react-visually-hidden':
        specifier: ^1.2.4
        version: 1.2.4(react-dom@19.2.3(react@19.2.3))(react@19.2.3)
      '@tanstack/react-query':
        specifier: ^5.90.14
        version: 5.90.14(react@19.2.3)
      axios:
        specifier: ^1.13.2
        version: 1.13.2
      cmdk:
        specifier: ^1.1.1
        version: 1.1.1(react-dom@19.2.3(react@19.2.3))(react@19.2.3)
      lucide-react:
        specifier: ^0.562.0
        version: 0.562.0(react@19.2.3)
      next-themes:
        specifier: ^0.4.6
        version: 0.4.6(react-dom@19.2.3(react@19.2.3))(react@19.2.3)
      react:
        specifier: 19.2.3
        version: 19.2.3
      react-dom:
        specifier: 19.2.3
        version: 19.2.3(react@19.2.3)
      react-hook-form:
        specifier: ^7.69.0
        version: 7.69.0(react@19.2.3)
      zod:
        specifier: ^4.2.1
        version: 4.2.1

packages:

  '@floating-ui/core@1.7.3':
    resolution: {integrity: sha512-sGnvb5dmrJaKEZ+LDIpguvdX3bDlEllmv4/ClQ9awcmCZrlx5jQyyMWFM5kBI+EyNOCDDiKk8il0zeuX3Zlg/w==}

  '@floating-ui/dom@1.7.4':
    resolution: {integrity: sha512-OOchDgh4F2CchOX94cRVqhvy7b3AFb+/rQXyswmzmGakRfkMgoWVjfnLWkRirfLEfuD4ysVW16eXzwt3jHIzKA==}

  '@floating-ui/react-dom@2.1.6':
    resolution: {integrity: sha512-4JX6rEatQEvlmgU80wZyq9RT96HZJa88q8hp0pBd+LrczeDI4o6uA2M+uvxngVHo4Ihr8uibXxH6+70zhAFrVw==}
    peerDependencies:
      react: '>=16.8.0'
      react-dom: '>=16.8.0'

  '@floating-ui/utils@0.2.10':
    resolution: {integrity: sha512-aGTxbpbg8/b5JfU1HXSrbH3wXZuLPJcNEcZQFMxLs3oSzgtVu6nFPkbbGGUvBcUjKV2YyB9Wxxabo+HEH9tcRQ==}

  '@hookform/resolvers@5.2.2':
    resolution: {integrity: sha512-A/IxlMLShx3KjV/HeTcTfaMxdwy690+L/ZADoeaTltLx+CVuzkeVIPuybK3jrRfw7YZnmdKsVVHAlEPIAEUNlA==}
    peerDependencies:
      react-hook-form: ^7.55.0

  '@radix-ui/number@1.1.1':
    resolution: {integrity: sha512-MkKCwxlXTgz6CFoJx3pCwn07GKp36+aZyu/u2Ln2VrA5DcdyCZkASEDBTd8x5whTQQL5CiYf4prXKLcgQdv29g==}

  '@radix-ui/primitive@1.1.3':
    resolution: {integrity: sha512-JTF99U/6XIjCBo0wqkU5sK10glYe27MRRsfwoiq5zzOEZLHU3A3KCMa5X/azekYRCJ0HlwI0crAXS/5dEHTzDg==}

  '@radix-ui/react-alert-dialog@1.1.15':
    resolution: {integrity: sha512-oTVLkEw5GpdRe29BqJ0LSDFWI3qu0vR1M0mUkOQWDIUnY/QIkLpgDMWuKxP94c2NAC2LGcgVhG1ImF3jkZ5wXw==}
    peerDependencies:
      '@types/react': '*'
      '@types/react-dom': '*'
      react: ^16.8 || ^17.0 || ^18.0 || ^19.0 || ^19.0.0-rc
      react-dom: ^16.8 || ^17.0 || ^18.0 || ^19.0 || ^19.0.0-rc
    peerDependenciesMeta:
      '@types/react':
        optional: true
      '@types/react-dom':
        optional: true

  '@radix-ui/react-arrow@1.1.7':
    resolution: {integrity: sha512-F+M1tLhO+mlQaOWspE8Wstg+z6PwxwRd8oQ8IXceWz92kfAmalTRf0EjrouQeo7QssEPfCn05B4Ihs1K9WQ/7w==}
    peerDependencies:
      '@types/react': '*'
      '@types/react-dom': '*'
      react: ^16.8 || ^17.0 || ^18.0 || ^19.0 || ^19.0.0-rc
      react-dom: ^16.8 || ^17.0 || ^18.0 || ^19.0 || ^19.0.0-rc
    peerDependenciesMeta:
      '@types/react':
        optional: true
      '@types/react-dom':
        optional: true

  '@radix-ui/react-collection@1.1.7':
    resolution: {integrity: sha512-Fh9rGN0MoI4ZFUNyfFVNU4y9LUz93u9/0K+yLgA2bwRojxM8JU1DyvvMBabnZPBgMWREAJvU2jjVzq+LrFUglw==}
    peerDependencies:
      '@types/react': '*'
      '@types/react-dom': '*'
      react: ^16.8 || ^17.0 || ^18.0 || ^19.0 || ^19.0.0-rc
      react-dom: ^16.8 || ^17.0 || ^18.0 || ^19.0 || ^19.0.0-rc
    peerDependenciesMeta:
      '@types/react':
        optional: true
      '@types/react-dom':
        optional: true

  '@radix-ui/react-compose-refs@1.1.2':
    resolution: {integrity: sha512-z4eqJvfiNnFMHIIvXP3CY57y2WJs5g2v3X0zm9mEJkrkNv4rDxu+sg9Jh8EkXyeqBkB7SOcboo9dMVqhyrACIg==}
    peerDependencies:
      '@types/react': '*'
      react: ^16.8 || ^17.0 || ^18.0 || ^19.0 || ^19.0.0-rc
    peerDependenciesMeta:
      '@types/react':
        optional: true

  '@radix-ui/react-context@1.1.2':
    resolution: {integrity: sha512-jCi/QKUM2r1Ju5a3J64TH2A5SpKAgh0LpknyqdQ4m6DCV0xJ2HG1xARRwNGPQfi1SLdLWZ1OJz6F4OMBBNiGJA==}
    peerDependencies:
      '@types/react': '*'
      react: ^16.8 || ^17.0 || ^18.0 || ^19.0 || ^19.0.0-rc
    peerDependenciesMeta:
      '@types/react':
        optional: true

  '@radix-ui/react-context@1.1.3':
    resolution: {integrity: sha512-ieIFACdMpYfMEjF0rEf5KLvfVyIkOz6PDGyNnP+u+4xQ6jny3VCgA4OgXOwNx2aUkxn8zx9fiVcM8CfFYv9Lxw==}
    peerDependencies:
      '@types/react': '*'
      react: ^16.8 || ^17.0 || ^18.0 || ^19.0 || ^19.0.0-rc
    peerDependenciesMeta:
      '@types/react':
        optional: true

  '@radix-ui/react-dialog@1.1.15':
    resolution: {integrity: sha512-TCglVRtzlffRNxRMEyR36DGBLJpeusFcgMVD9PZEzAKnUs1lKCgX5u9BmC2Yg+LL9MgZDugFFs1Vl+Jp4t/PGw==}
    peerDependencies:
      '@types/react': '*'
      '@types/react-dom': '*'
      react: ^16.8 || ^17.0 || ^18.0 || ^19.0 || ^19.0.0-rc
      react-dom: ^16.8 || ^17.0 || ^18.0 || ^19.0 || ^19.0.0-rc
    peerDependenciesMeta:
      '@types/react':
        optional: true
      '@types/react-dom':
        optional: true

  '@radix-ui/react-direction@1.1.1':
    resolution: {integrity: sha512-1UEWRX6jnOA2y4H5WczZ44gOOjTEmlqv1uNW4GAJEO5+bauCBhv8snY65Iw5/VOS/ghKN9gr2KjnLKxrsvoMVw==}
    peerDependencies:
      '@types/react': '*'
      react: ^16.8 || ^17.0 || ^18.0 || ^19.0 || ^19.0.0-rc
    peerDependenciesMeta:
      '@types/react':
        optional: true

  '@radix-ui/react-dismissable-layer@1.1.11':
    resolution: {integrity: sha512-Nqcp+t5cTB8BinFkZgXiMJniQH0PsUt2k51FUhbdfeKvc4ACcG2uQniY/8+h1Yv6Kza4Q7lD7PQV0z0oicE0Mg==}
    peerDependencies:
      '@types/react': '*'
      '@types/react-dom': '*'
      react: ^16.8 || ^17.0 || ^18.0 || ^19.0 || ^19.0.0-rc
      react-dom: ^16.8 || ^17.0 || ^18.0 || ^19.0 || ^19.0.0-rc
    peerDependenciesMeta:
      '@types/react':
        optional: true
      '@types/react-dom':
        optional: true

  '@radix-ui/react-focus-guards@1.1.3':
    resolution: {integrity: sha512-0rFg/Rj2Q62NCm62jZw0QX7a3sz6QCQU0LpZdNrJX8byRGaGVTqbrW9jAoIAHyMQqsNpeZ81YgSizOt5WXq0Pw==}
    peerDependencies:
      '@types/react': '*'
      react: ^16.8 || ^17.0 || ^18.0 || ^19.0 || ^19.0.0-rc
    peerDependenciesMeta:
      '@types/react':
        optional: true

  '@radix-ui/react-focus-scope@1.1.7':
    resolution: {integrity: sha512-t2ODlkXBQyn7jkl6TNaw/MtVEVvIGelJDCG41Okq/KwUsJBwQ4XVZsHAVUkK4mBv3ewiAS3PGuUWuY2BoK4ZUw==}
    peerDependencies:
      '@types/react': '*'
      '@types/react-dom': '*'
      react: ^16.8 || ^17.0 || ^18.0 || ^19.0 || ^19.0.0-rc
      react-dom: ^16.8 || ^17.0 || ^18.0 || ^19.0 || ^19.0.0-rc
    peerDependenciesMeta:
      '@types/react':
        optional: true
      '@types/react-dom':
        optional: true

  '@radix-ui/react-id@1.1.1':
    resolution: {integrity: sha512-kGkGegYIdQsOb4XjsfM97rXsiHaBwco+hFI66oO4s9LU+PLAC5oJ7khdOVFxkhsmlbpUqDAvXw11CluXP+jkHg==}
    peerDependencies:
      '@types/react': '*'
      react: ^16.8 || ^17.0 || ^18.0 || ^19.0 || ^19.0.0-rc
    peerDependenciesMeta:
      '@types/react':
        optional: true

  '@radix-ui/react-popper@1.2.8':
    resolution: {integrity: sha512-0NJQ4LFFUuWkE7Oxf0htBKS6zLkkjBH+hM1uk7Ng705ReR8m/uelduy1DBo0PyBXPKVnBA6YBlU94MBGXrSBCw==}
    peerDependencies:
      '@types/react': '*'
      '@types/react-dom': '*'
      react: ^16.8 || ^17.0 || ^18.0 || ^19.0 || ^19.0.0-rc
      react-dom: ^16.8 || ^17.0 || ^18.0 || ^19.0 || ^19.0.0-rc
    peerDependenciesMeta:
      '@types/react':
        optional: true
      '@types/react-dom':
        optional: true

  '@radix-ui/react-portal@1.1.9':
    resolution: {integrity: sha512-bpIxvq03if6UNwXZ+HTK71JLh4APvnXntDc6XOX8UVq4XQOVl7lwok0AvIl+b8zgCw3fSaVTZMpAPPagXbKmHQ==}
    peerDependencies:
      '@types/react': '*'
      '@types/react-dom': '*'
      react: ^16.8 || ^17.0 || ^18.0 || ^19.0 || ^19.0.0-rc
      react-dom: ^16.8 || ^17.0 || ^18.0 || ^19.0 || ^19.0.0-rc
    peerDependenciesMeta:
      '@types/react':
        optional: true
      '@types/react-dom':
        optional: true

  '@radix-ui/react-presence@1.1.5':
    resolution: {integrity: sha512-/jfEwNDdQVBCNvjkGit4h6pMOzq8bHkopq458dPt2lMjx+eBQUohZNG9A7DtO/O5ukSbxuaNGXMjHicgwy6rQQ==}
    peerDependencies:
      '@types/react': '*'
      '@types/react-dom': '*'
      react: ^16.8 || ^17.0 || ^18.0 || ^19.0 || ^19.0.0-rc
      react-dom: ^16.8 || ^17.0 || ^18.0 || ^19.0 || ^19.0.0-rc
    peerDependenciesMeta:
      '@types/react':
        optional: true
      '@types/react-dom':
        optional: true

  '@radix-ui/react-primitive@2.1.3':
    resolution: {integrity: sha512-m9gTwRkhy2lvCPe6QJp4d3G1TYEUHn/FzJUtq9MjH46an1wJU+GdoGC5VLof8RX8Ft/DlpshApkhswDLZzHIcQ==}
    peerDependencies:
      '@types/react': '*'
      '@types/react-dom': '*'
      react: ^16.8 || ^17.0 || ^18.0 || ^19.0 || ^19.0.0-rc
      react-dom: ^16.8 || ^17.0 || ^18.0 || ^19.0 || ^19.0.0-rc
    peerDependenciesMeta:
      '@types/react':
        optional: true
      '@types/react-dom':
        optional: true

  '@radix-ui/react-primitive@2.1.4':
    resolution: {integrity: sha512-9hQc4+GNVtJAIEPEqlYqW5RiYdrr8ea5XQ0ZOnD6fgru+83kqT15mq2OCcbe8KnjRZl5vF3ks69AKz3kh1jrhg==}
    peerDependencies:
      '@types/react': '*'
      '@types/react-dom': '*'
      react: ^16.8 || ^17.0 || ^18.0 || ^19.0 || ^19.0.0-rc
      react-dom: ^16.8 || ^17.0 || ^18.0 || ^19.0 || ^19.0.0-rc
    peerDependenciesMeta:
      '@types/react':
        optional: true
      '@types/react-dom':
        optional: true

  '@radix-ui/react-progress@1.1.8':
    resolution: {integrity: sha512-+gISHcSPUJ7ktBy9RnTqbdKW78bcGke3t6taawyZ71pio1JewwGSJizycs7rLhGTvMJYCQB1DBK4KQsxs7U8dA==}
    peerDependencies:
      '@types/react': '*'
      '@types/react-dom': '*'
      react: ^16.8 || ^17.0 || ^18.0 || ^19.0 || ^19.0.0-rc
      react-dom: ^16.8 || ^17.0 || ^18.0 || ^19.0 || ^19.0.0-rc
    peerDependenciesMeta:
      '@types/react':
        optional: true
      '@types/react-dom':
        optional: true

  '@radix-ui/react-roving-focus@1.1.11':
    resolution: {integrity: sha512-7A6S9jSgm/S+7MdtNDSb+IU859vQqJ/QAtcYQcfFC6W8RS4IxIZDldLR0xqCFZ6DCyrQLjLPsxtTNch5jVA4lA==}
    peerDependencies:
      '@types/react': '*'
      '@types/react-dom': '*'
      react: ^16.8 || ^17.0 || ^18.0 || ^19.0 || ^19.0.0-rc
      react-dom: ^16.8 || ^17.0 || ^18.0 || ^19.0 || ^19.0.0-rc
    peerDependenciesMeta:
      '@types/react':
        optional: true
      '@types/react-dom':
        optional: true

  '@radix-ui/react-select@2.2.6':
    resolution: {integrity: sha512-I30RydO+bnn2PQztvo25tswPH+wFBjehVGtmagkU78yMdwTwVf12wnAOF+AeP8S2N8xD+5UPbGhkUfPyvT+mwQ==}
    peerDependencies:
      '@types/react': '*'
      '@types/react-dom': '*'
      react: ^16.8 || ^17.0 || ^18.0 || ^19.0 || ^19.0.0-rc
      react-dom: ^16.8 || ^17.0 || ^18.0 || ^19.0 || ^19.0.0-rc
    peerDependenciesMeta:
      '@types/react':
        optional: true
      '@types/react-dom':
        optional: true

  '@radix-ui/react-slot@1.2.3':
    resolution: {integrity: sha512-aeNmHnBxbi2St0au6VBVC7JXFlhLlOnvIIlePNniyUNAClzmtAUEY8/pBiK3iHjufOlwA+c20/8jngo7xcrg8A==}
    peerDependencies:
      '@types/react': '*'
      react: ^16.8 || ^17.0 || ^18.0 || ^19.0 || ^19.0.0-rc
    peerDependenciesMeta:
      '@types/react':
        optional: true

  '@radix-ui/react-slot@1.2.4':
    resolution: {integrity: sha512-Jl+bCv8HxKnlTLVrcDE8zTMJ09R9/ukw4qBs/oZClOfoQk/cOTbDn+NceXfV7j09YPVQUryJPHurafcSg6EVKA==}
    peerDependencies:
      '@types/react': '*'
      react: ^16.8 || ^17.0 || ^18.0 || ^19.0 || ^19.0.0-rc
    peerDependenciesMeta:
      '@types/react':
        optional: true

  '@radix-ui/react-tabs@1.1.13':
    resolution: {integrity: sha512-7xdcatg7/U+7+Udyoj2zodtI9H/IIopqo+YOIcZOq1nJwXWBZ9p8xiu5llXlekDbZkca79a/fozEYQXIA4sW6A==}
    peerDependencies:
      '@types/react': '*'
      '@types/react-dom': '*'
      react: ^16.8 || ^17.0 || ^18.0 || ^19.0 || ^19.0.0-rc
      react-dom: ^16.8 || ^17.0 || ^18.0 || ^19.0 || ^19.0.0-rc
    peerDependenciesMeta:
      '@types/react':
        optional: true
      '@types/react-dom':
        optional: true

  '@radix-ui/react-toggle@1.1.10':
    resolution: {integrity: sha512-lS1odchhFTeZv3xwHH31YPObmJn8gOg7Lq12inrr0+BH/l3Tsq32VfjqH1oh80ARM3mlkfMic15n0kg4sD1poQ==}
    peerDependencies:
      '@types/react': '*'
      '@types/react-dom': '*'
      react: ^16.8 || ^17.0 || ^18.0 || ^19.0 || ^19.0.0-rc
      react-dom: ^16.8 || ^17.0 || ^18.0 || ^19.0 || ^19.0.0-rc
    peerDependenciesMeta:
      '@types/react':
        optional: true
      '@types/react-dom':
        optional: true

  '@radix-ui/react-use-callback-ref@1.1.1':
    resolution: {integrity: sha512-FkBMwD+qbGQeMu1cOHnuGB6x4yzPjho8ap5WtbEJ26umhgqVXbhekKUQO+hZEL1vU92a3wHwdp0HAcqAUF5iDg==}
    peerDependencies:
      '@types/react': '*'
      react: ^16.8 || ^17.0 || ^18.0 || ^19.0 || ^19.0.0-rc
    peerDependenciesMeta:
      '@types/react':
        optional: true

  '@radix-ui/react-use-controllable-state@1.2.2':
    resolution: {integrity: sha512-BjasUjixPFdS+NKkypcyyN5Pmg83Olst0+c6vGov0diwTEo6mgdqVR6hxcEgFuh4QrAs7Rc+9KuGJ9TVCj0Zzg==}
    peerDependencies:
      '@types/react': '*'
      react: ^16.8 || ^17.0 || ^18.0 || ^19.0 || ^19.0.0-rc
    peerDependenciesMeta:
      '@types/react':
        optional: true

  '@radix-ui/react-use-effect-event@0.0.2':
    resolution: {integrity: sha512-Qp8WbZOBe+blgpuUT+lw2xheLP8q0oatc9UpmiemEICxGvFLYmHm9QowVZGHtJlGbS6A6yJ3iViad/2cVjnOiA==}
    peerDependencies:
      '@types/react': '*'
      react: ^16.8 || ^17.0 || ^18.0 || ^19.0 || ^19.0.0-rc
    peerDependenciesMeta:
      '@types/react':
        optional: true

  '@radix-ui/react-use-escape-keydown@1.1.1':
    resolution: {integrity: sha512-Il0+boE7w/XebUHyBjroE+DbByORGR9KKmITzbR7MyQ4akpORYP/ZmbhAr0DG7RmmBqoOnZdy2QlvajJ2QA59g==}
    peerDependencies:
      '@types/react': '*'
      react: ^16.8 || ^17.0 || ^18.0 || ^19.0 || ^19.0.0-rc
    peerDependenciesMeta:
      '@types/react':
        optional: true

  '@radix-ui/react-use-layout-effect@1.1.1':
    resolution: {integrity: sha512-RbJRS4UWQFkzHTTwVymMTUv8EqYhOp8dOOviLj2ugtTiXRaRQS7GLGxZTLL1jWhMeoSCf5zmcZkqTl9IiYfXcQ==}
    peerDependencies:
      '@types/react': '*'
      react: ^16.8 || ^17.0 || ^18.0 || ^19.0 || ^19.0.0-rc
    peerDependenciesMeta:
      '@types/react':
        optional: true

  '@radix-ui/react-use-previous@1.1.1':
    resolution: {integrity: sha512-2dHfToCj/pzca2Ck724OZ5L0EVrr3eHRNsG/b3xQJLA2hZpVCS99bLAX+hm1IHXDEnzU6by5z/5MIY794/a8NQ==}
    peerDependencies:
      '@types/react': '*'
      react: ^16.8 || ^17.0 || ^18.0 || ^19.0 || ^19.0.0-rc
    peerDependenciesMeta:
      '@types/react':
        optional: true

  '@radix-ui/react-use-rect@1.1.1':
    resolution: {integrity: sha512-QTYuDesS0VtuHNNvMh+CjlKJ4LJickCMUAqjlE3+j8w+RlRpwyX3apEQKGFzbZGdo7XNG1tXa+bQqIE7HIXT2w==}
    peerDependencies:
      '@types/react': '*'
      react: ^16.8 || ^17.0 || ^18.0 || ^19.0 || ^19.0.0-rc
    peerDependenciesMeta:
      '@types/react':
        optional: true

  '@radix-ui/react-use-size@1.1.1':
    resolution: {integrity: sha512-ewrXRDTAqAXlkl6t/fkXWNAhFX9I+CkKlw6zjEwk86RSPKwZr3xpBRso655aqYafwtnbpHLj6toFzmd6xdVptQ==}
    peerDependencies:
      '@types/react': '*'
      react: ^16.8 || ^17.0 || ^18.0 || ^19.0 || ^19.0.0-rc
    peerDependenciesMeta:
      '@types/react':
        optional: true

  '@radix-ui/react-visually-hidden@1.2.3':
    resolution: {integrity: sha512-pzJq12tEaaIhqjbzpCuv/OypJY/BPavOofm+dbab+MHLajy277+1lLm6JFcGgF5eskJ6mquGirhXY2GD/8u8Ug==}
    peerDependencies:
      '@types/react': '*'
      '@types/react-dom': '*'
      react: ^16.8 || ^17.0 || ^18.0 || ^19.0 || ^19.0.0-rc
      react-dom: ^16.8 || ^17.0 || ^18.0 || ^19.0 || ^19.0.0-rc
    peerDependenciesMeta:
      '@types/react':
        optional: true
      '@types/react-dom':
        optional: true

  '@radix-ui/react-visually-hidden@1.2.4':
    resolution: {integrity: sha512-kaeiyGCe844dkb9AVF+rb4yTyb1LiLN/e3es3nLiRyN4dC8AduBYPMnnNlDjX2VDOcvDEiPnRNMJeWCfsX0txg==}
    peerDependencies:
      '@types/react': '*'
      '@types/react-dom': '*'
      react: ^16.8 || ^17.0 || ^18.0 || ^19.0 || ^19.0.0-rc
      react-dom: ^16.8 || ^17.0 || ^18.0 || ^19.0 || ^19.0.0-rc
    peerDependenciesMeta:
      '@types/react':
        optional: true
      '@types/react-dom':
        optional: true

  '@radix-ui/rect@1.1.1':
    resolution: {integrity: sha512-HPwpGIzkl28mWyZqG52jiqDJ12waP11Pa1lGoiyUkIEuMLBP0oeK/C89esbXrxsky5we7dfd8U58nm0SgAWpVw==}

  '@standard-schema/utils@0.3.0':
    resolution: {integrity: sha512-e7Mew686owMaPJVNNLs55PUvgz371nKgwsc4vxE49zsODpJEnxgxRo2y/OKrqueavXgZNMDVj3DdHFlaSAeU8g==}

  '@tanstack/query-core@5.90.14':
    resolution: {integrity: sha512-/6di2yNI+YxpVrH9Ig74Q+puKnkCE+D0LGyagJEGndJHJc6ahkcc/UqirHKy8zCYE/N9KLggxcQvzYCsUBWgdw==}

  '@tanstack/react-query@5.90.14':
    resolution: {integrity: sha512-JAMuULej09hrZ14W9+mxoRZ44rR2BuZfCd6oKTQVNfynQxCN3muH3jh3W46gqZNw5ZqY0ZVaS43Imb3dMr6tgw==}
    peerDependencies:
      react: ^18 || ^19

  aria-hidden@1.2.6:
    resolution: {integrity: sha512-ik3ZgC9dY/lYVVM++OISsaYDeg1tb0VtP5uL3ouh1koGOaUMDPpbFIei4JkFimWUFPn90sbMNMXQAIVOlnYKJA==}
    engines: {node: '>=10'}

  asynckit@0.4.0:
    resolution: {integrity: sha512-Oei9OH4tRh0YqU3GxhX79dM/mwVgvbZJaSNaRk+bshkj0S5cfHcgYakreBjrHwatXKbz+IoIdYLxrKim2MjW0Q==}

  axios@1.13.2:
    resolution: {integrity: sha512-VPk9ebNqPcy5lRGuSlKx752IlDatOjT9paPlm8A7yOuW2Fbvp4X3JznJtT4f0GzGLLiWE9W8onz51SqLYwzGaA==}

  call-bind-apply-helpers@1.0.2:
    resolution: {integrity: sha512-Sp1ablJ0ivDkSzjcaJdxEunN5/XvksFJ2sMBFfq6x0ryhQV/2b/KwFe21cMpmHtPOSij8K99/wSfoEuTObmuMQ==}
    engines: {node: '>= 0.4'}

  cmdk@1.1.1:
    resolution: {integrity: sha512-Vsv7kFaXm+ptHDMZ7izaRsP70GgrW9NBNGswt9OZaVBLlE0SNpDq8eu/VGXyF9r7M0azK3Wy7OlYXsuyYLFzHg==}
    peerDependencies:
      react: ^18 || ^19 || ^19.0.0-rc
      react-dom: ^18 || ^19 || ^19.0.0-rc

  combined-stream@1.0.8:
    resolution: {integrity: sha512-FQN4MRfuJeHf7cBbBMJFXhKSDq+2kAArBlmRBvcvFE5BB1HZKXtSFASDhdlz9zOYwxh8lDdnvmMOe/+5cdoEdg==}
    engines: {node: '>= 0.8'}

  delayed-stream@1.0.0:
    resolution: {integrity: sha512-ZySD7Nf91aLB0RxL4KGrKHBXl7Eds1DAmEdcoVawXnLD7SDhpNgtuII2aAkg7a7QS41jxPSZ17p4VdGnMHk3MQ==}
    engines: {node: '>=0.4.0'}

  detect-node-es@1.1.0:
    resolution: {integrity: sha512-ypdmJU/TbBby2Dxibuv7ZLW3Bs1QEmM7nHjEANfohJLvE0XVujisn1qPJcZxg+qDucsr+bP6fLD1rPS3AhJ7EQ==}

  dunder-proto@1.0.1:
    resolution: {integrity: sha512-KIN/nDJBQRcXw0MLVhZE9iQHmG68qAVIBg9CqmUYjmQIhgij9U5MFvrqkUL5FbtyyzZuOeOt0zdeRe4UY7ct+A==}
    engines: {node: '>= 0.4'}

  es-define-property@1.0.1:
    resolution: {integrity: sha512-e3nRfgfUZ4rNGL232gUgX06QNyyez04KdjFrF+LTRoOXmrOgFKDg4BCdsjW8EnT69eqdYGmRpJwiPVYNrCaW3g==}
    engines: {node: '>= 0.4'}

  es-errors@1.3.0:
    resolution: {integrity: sha512-Zf5H2Kxt2xjTvbJvP2ZWLEICxA6j+hAmMzIlypy4xcBg1vKVnx89Wy0GbS+kf5cwCVFFzdCFh2XSCFNULS6csw==}
    engines: {node: '>= 0.4'}

  es-object-atoms@1.1.1:
    resolution: {integrity: sha512-FGgH2h8zKNim9ljj7dankFPcICIK9Cp5bm+c2gQSYePhpaG5+esrLODihIorn+Pe6FGJzWhXQotPv73jTaldXA==}
    engines: {node: '>= 0.4'}

  es-set-tostringtag@2.1.0:
    resolution: {integrity: sha512-j6vWzfrGVfyXxge+O0x5sh6cvxAog0a/4Rdd2K36zCMV5eJ+/+tOAngRO8cODMNWbVRdVlmGZQL2YS3yR8bIUA==}
    engines: {node: '>= 0.4'}

  follow-redirects@1.15.11:
    resolution: {integrity: sha512-deG2P0JfjrTxl50XGCDyfI97ZGVCxIpfKYmfyrQ54n5FO/0gfIES8C/Psl6kWVDolizcaaxZJnTS0QSMxvnsBQ==}
    engines: {node: '>=4.0'}
    peerDependencies:
      debug: '*'
    peerDependenciesMeta:
      debug:
        optional: true

  form-data@4.0.5:
    resolution: {integrity: sha512-8RipRLol37bNs2bhoV67fiTEvdTrbMUYcFTiy3+wuuOnUog2QBHCZWXDRijWQfAkhBj2Uf5UnVaiWwA5vdd82w==}
    engines: {node: '>= 6'}

  function-bind@1.1.2:
    resolution: {integrity: sha512-7XHNxH7qX9xG5mIwxkhumTox/MIRNcOgDrxWsMt2pAr23WHp6MrRlN7FBSFpCpr+oVO0F744iUgR82nJMfG2SA==}

  get-intrinsic@1.3.0:
    resolution: {integrity: sha512-9fSjSaos/fRIVIp+xSJlE6lfwhES7LNtKaCBIamHsjr2na1BiABJPo0mOjjz8GJDURarmCPGqaiVg5mfjb98CQ==}
    engines: {node: '>= 0.4'}

  get-nonce@1.0.1:
    resolution: {integrity: sha512-FJhYRoDaiatfEkUK8HKlicmu/3SGFD51q3itKDGoSTysQJBnfOcxU5GxnhE1E6soB76MbT0MBtnKJuXyAx+96Q==}
    engines: {node: '>=6'}

  get-proto@1.0.1:
    resolution: {integrity: sha512-sTSfBjoXBp89JvIKIefqw7U2CCebsc74kiY6awiGogKtoSGbgjYE/G/+l9sF3MWFPNc9IcoOC4ODfKHfxFmp0g==}
    engines: {node: '>= 0.4'}

  gopd@1.2.0:
    resolution: {integrity: sha512-ZUKRh6/kUFoAiTAtTYPZJ3hw9wNxx+BIBOijnlG9PnrJsCcSjs1wyyD6vJpaYtgnzDrKYRSqf3OO6Rfa93xsRg==}
    engines: {node: '>= 0.4'}

  has-symbols@1.1.0:
    resolution: {integrity: sha512-1cDNdwJ2Jaohmb3sg4OmKaMBwuC48sYni5HUw2DvsC8LjGTLK9h+eb1X6RyuOHe4hT0ULCW68iomhjUoKUqlPQ==}
    engines: {node: '>= 0.4'}

  has-tostringtag@1.0.2:
    resolution: {integrity: sha512-NqADB8VjPFLM2V0VvHUewwwsw0ZWBaIdgo+ieHtK3hasLz4qeCRjYcqfB6AQrBggRKppKF8L52/VqdVsO47Dlw==}
    engines: {node: '>= 0.4'}

  hasown@2.0.2:
    resolution: {integrity: sha512-0hJU9SCPvmMzIBdZFqNPXWa6dqh7WdH0cII9y+CyS8rG3nL48Bclra9HmKhVVUHyPWNH5Y7xDwAB7bfgSjkUMQ==}
    engines: {node: '>= 0.4'}

  lucide-react@0.562.0:
    resolution: {integrity: sha512-82hOAu7y0dbVuFfmO4bYF1XEwYk/mEbM5E+b1jgci/udUBEE/R7LF5Ip0CCEmXe8AybRM8L+04eP+LGZeDvkiw==}
    peerDependencies:
      react: ^16.5.1 || ^17.0.0 || ^18.0.0 || ^19.0.0

  math-intrinsics@1.1.0:
    resolution: {integrity: sha512-/IXtbwEk5HTPyEwyKX6hGkYXxM9nbj64B+ilVJnC/R6B0pH5G4V3b0pVbL7DBj4tkhBAppbQUlf6F6Xl9LHu1g==}
    engines: {node: '>= 0.4'}

  mime-db@1.52.0:
    resolution: {integrity: sha512-sPU4uV7dYlvtWJxwwxHD0PuihVNiE7TyAbQ5SWxDCB9mUYvOgroQOwYQQOKPJ8CIbE+1ETVlOoK1UC2nU3gYvg==}
    engines: {node: '>= 0.6'}

  mime-types@2.1.35:
    resolution: {integrity: sha512-ZDY+bPm5zTTF+YpCrAU9nK0UgICYPT0QtT1NZWFv4s++TNkcgVaT0g6+4R2uI4MjQjzysHB1zxuWL50hzaeXiw==}
    engines: {node: '>= 0.6'}

  next-themes@0.4.6:
    resolution: {integrity: sha512-pZvgD5L0IEvX5/9GWyHMf3m8BKiVQwsCMHfoFosXtXBMnaS0ZnIJ9ST4b4NqLVKDEm8QBxoNNGNaBv2JNF6XNA==}
    peerDependencies:
      react: ^16.8 || ^17 || ^18 || ^19 || ^19.0.0-rc
      react-dom: ^16.8 || ^17 || ^18 || ^19 || ^19.0.0-rc

  proxy-from-env@1.1.0:
    resolution: {integrity: sha512-D+zkORCbA9f1tdWRK0RaCR3GPv50cMxcrz4X8k5LTSUD1Dkw47mKJEZQNunItRTkWwgtaUSo1RVFRIG9ZXiFYg==}

  react-dom@19.2.3:
    resolution: {integrity: sha512-yELu4WmLPw5Mr/lmeEpox5rw3RETacE++JgHqQzd2dg+YbJuat3jH4ingc+WPZhxaoFzdv9y33G+F7Nl5O0GBg==}
    peerDependencies:
      react: ^19.2.3

  react-hook-form@7.69.0:
    resolution: {integrity: sha512-yt6ZGME9f4F6WHwevrvpAjh42HMvocuSnSIHUGycBqXIJdhqGSPQzTpGF+1NLREk/58IdPxEMfPcFCjlMhclGw==}
    engines: {node: '>=18.0.0'}
    peerDependencies:
      react: ^16.8.0 || ^17 || ^18 || ^19

  react-remove-scroll-bar@2.3.8:
    resolution: {integrity: sha512-9r+yi9+mgU33AKcj6IbT9oRCO78WriSj6t/cF8DWBZJ9aOGPOTEDvdUDz1FwKim7QXWwmHqtdHnRJfhAxEG46Q==}
    engines: {node: '>=10'}
    peerDependencies:
      '@types/react': '*'
      react: ^16.8.0 || ^17.0.0 || ^18.0.0 || ^19.0.0
    peerDependenciesMeta:
      '@types/react':
        optional: true

  react-remove-scroll@2.7.2:
    resolution: {integrity: sha512-Iqb9NjCCTt6Hf+vOdNIZGdTiH1QSqr27H/Ek9sv/a97gfueI/5h1s3yRi1nngzMUaOOToin5dI1dXKdXiF+u0Q==}
    engines: {node: '>=10'}
    peerDependencies:
      '@types/react': '*'
      react: ^16.8.0 || ^17.0.0 || ^18.0.0 || ^19.0.0 || ^19.0.0-rc
    peerDependenciesMeta:
      '@types/react':
        optional: true

  react-style-singleton@2.2.3:
    resolution: {integrity: sha512-b6jSvxvVnyptAiLjbkWLE/lOnR4lfTtDAl+eUC7RZy+QQWc6wRzIV2CE6xBuMmDxc2qIihtDCZD5NPOFl7fRBQ==}
    engines: {node: '>=10'}
    peerDependencies:
      '@types/react': '*'
      react: ^16.8.0 || ^17.0.0 || ^18.0.0 || ^19.0.0 || ^19.0.0-rc
    peerDependenciesMeta:
      '@types/react':
        optional: true

  react@19.2.3:
    resolution: {integrity: sha512-Ku/hhYbVjOQnXDZFv2+RibmLFGwFdeeKHFcOTlrt7xplBnya5OGn/hIRDsqDiSUcfORsDC7MPxwork8jBwsIWA==}
    engines: {node: '>=0.10.0'}

  scheduler@0.27.0:
    resolution: {integrity: sha512-eNv+WrVbKu1f3vbYJT/xtiF5syA5HPIMtf9IgY/nKg0sWqzAUEvqY/xm7OcZc/qafLx/iO9FgOmeSAp4v5ti/Q==}

  tslib@2.8.1:
    resolution: {integrity: sha512-oJFu94HQb+KVduSUQL7wnpmqnfmLsOA/nAh6b6EH0wCEoK0/mPeXU6c3wKDV83MkOuHPRHtSXKKU99IBazS/2w==}

  use-callback-ref@1.3.3:
    resolution: {integrity: sha512-jQL3lRnocaFtu3V00JToYz/4QkNWswxijDaCVNZRiRTO3HQDLsdu1ZtmIUvV4yPp+rvWm5j0y0TG/S61cuijTg==}
    engines: {node: '>=10'}
    peerDependencies:
      '@types/react': '*'
      react: ^16.8.0 || ^17.0.0 || ^18.0.0 || ^19.0.0 || ^19.0.0-rc
    peerDependenciesMeta:
      '@types/react':
        optional: true

  use-sidecar@1.1.3:
    resolution: {integrity: sha512-Fedw0aZvkhynoPYlA5WXrMCAMm+nSWdZt6lzJQ7Ok8S6Q+VsHmHpRWndVRJ8Be0ZbkfPc5LRYH+5XrzXcEeLRQ==}
    engines: {node: '>=10'}
    peerDependencies:
      '@types/react': '*'
      react: ^16.8.0 || ^17.0.0 || ^18.0.0 || ^19.0.0 || ^19.0.0-rc
    peerDependenciesMeta:
      '@types/react':
        optional: true

  zod@4.2.1:
    resolution: {integrity: sha512-0wZ1IRqGGhMP76gLqz8EyfBXKk0J2qo2+H3fi4mcUP/KtTocoX08nmIAHl1Z2kJIZbZee8KOpBCSNPRgauucjw==}

snapshots:

  '@floating-ui/core@1.7.3':
    dependencies:
      '@floating-ui/utils': 0.2.10

  '@floating-ui/dom@1.7.4':
    dependencies:
      '@floating-ui/core': 1.7.3
      '@floating-ui/utils': 0.2.10

  '@floating-ui/react-dom@2.1.6(react-dom@19.2.3(react@19.2.3))(react@19.2.3)':
    dependencies:
      '@floating-ui/dom': 1.7.4
      react: 19.2.3
      react-dom: 19.2.3(react@19.2.3)

  '@floating-ui/utils@0.2.10': {}

  '@hookform/resolvers@5.2.2(react-hook-form@7.69.0(react@19.2.3))':
    dependencies:
      '@standard-schema/utils': 0.3.0
      react-hook-form: 7.69.0(react@19.2.3)

  '@radix-ui/number@1.1.1': {}

  '@radix-ui/primitive@1.1.3': {}

  '@radix-ui/react-alert-dialog@1.1.15(react-dom@19.2.3(react@19.2.3))(react@19.2.3)':
    dependencies:
      '@radix-ui/primitive': 1.1.3
      '@radix-ui/react-compose-refs': 1.1.2(react@19.2.3)
      '@radix-ui/react-context': 1.1.2(react@19.2.3)
      '@radix-ui/react-dialog': 1.1.15(react-dom@19.2.3(react@19.2.3))(react@19.2.3)
      '@radix-ui/react-primitive': 2.1.3(react-dom@19.2.3(react@19.2.3))(react@19.2.3)
      '@radix-ui/react-slot': 1.2.3(react@19.2.3)
      react: 19.2.3
      react-dom: 19.2.3(react@19.2.3)

  '@radix-ui/react-arrow@1.1.7(react-dom@19.2.3(react@19.2.3))(react@19.2.3)':
    dependencies:
      '@radix-ui/react-primitive': 2.1.3(react-dom@19.2.3(react@19.2.3))(react@19.2.3)
      react: 19.2.3
      react-dom: 19.2.3(react@19.2.3)

  '@radix-ui/react-collection@1.1.7(react-dom@19.2.3(react@19.2.3))(react@19.2.3)':
    dependencies:
      '@radix-ui/react-compose-refs': 1.1.2(react@19.2.3)
      '@radix-ui/react-context': 1.1.2(react@19.2.3)
      '@radix-ui/react-primitive': 2.1.3(react-dom@19.2.3(react@19.2.3))(react@19.2.3)
      '@radix-ui/react-slot': 1.2.3(react@19.2.3)
      react: 19.2.3
      react-dom: 19.2.3(react@19.2.3)

  '@radix-ui/react-compose-refs@1.1.2(react@19.2.3)':
    dependencies:
      react: 19.2.3

  '@radix-ui/react-context@1.1.2(react@19.2.3)':
    dependencies:
      react: 19.2.3

  '@radix-ui/react-context@1.1.3(react@19.2.3)':
    dependencies:
      react: 19.2.3

  '@radix-ui/react-dialog@1.1.15(react-dom@19.2.3(react@19.2.3))(react@19.2.3)':
    dependencies:
      '@radix-ui/primitive': 1.1.3
      '@radix-ui/react-compose-refs': 1.1.2(react@19.2.3)
      '@radix-ui/react-context': 1.1.2(react@19.2.3)
      '@radix-ui/react-dismissable-layer': 1.1.11(react-dom@19.2.3(react@19.2.3))(react@19.2.3)
      '@radix-ui/react-focus-guards': 1.1.3(react@19.2.3)
      '@radix-ui/react-focus-scope': 1.1.7(react-dom@19.2.3(react@19.2.3))(react@19.2.3)
      '@radix-ui/react-id': 1.1.1(react@19.2.3)
      '@radix-ui/react-portal': 1.1.9(react-dom@19.2.3(react@19.2.3))(react@19.2.3)
      '@radix-ui/react-presence': 1.1.5(react-dom@19.2.3(react@19.2.3))(react@19.2.3)
      '@radix-ui/react-primitive': 2.1.3(react-dom@19.2.3(react@19.2.3))(react@19.2.3)
      '@radix-ui/react-slot': 1.2.3(react@19.2.3)
      '@radix-ui/react-use-controllable-state': 1.2.2(react@19.2.3)
      aria-hidden: 1.2.6
      react: 19.2.3
      react-dom: 19.2.3(react@19.2.3)
      react-remove-scroll: 2.7.2(react@19.2.3)

  '@radix-ui/react-direction@1.1.1(react@19.2.3)':
    dependencies:
      react: 19.2.3

  '@radix-ui/react-dismissable-layer@1.1.11(react-dom@19.2.3(react@19.2.3))(react@19.2.3)':
    dependencies:
      '@radix-ui/primitive': 1.1.3
      '@radix-ui/react-compose-refs': 1.1.2(react@19.2.3)
      '@radix-ui/react-primitive': 2.1.3(react-dom@19.2.3(react@19.2.3))(react@19.2.3)
      '@radix-ui/react-use-callback-ref': 1.1.1(react@19.2.3)
      '@radix-ui/react-use-escape-keydown': 1.1.1(react@19.2.3)
      react: 19.2.3
      react-dom: 19.2.3(react@19.2.3)

  '@radix-ui/react-focus-guards@1.1.3(react@19.2.3)':
    dependencies:
      react: 19.2.3

  '@radix-ui/react-focus-scope@1.1.7(react-dom@19.2.3(react@19.2.3))(react@19.2.3)':
    dependencies:
      '@radix-ui/react-compose-refs': 1.1.2(react@19.2.3)
      '@radix-ui/react-primitive': 2.1.3(react-dom@19.2.3(react@19.2.3))(react@19.2.3)
      '@radix-ui/react-use-callback-ref': 1.1.1(react@19.2.3)
      react: 19.2.3
      react-dom: 19.2.3(react@19.2.3)

  '@radix-ui/react-id@1.1.1(react@19.2.3)':
    dependencies:
      '@radix-ui/react-use-layout-effect': 1.1.1(react@19.2.3)
      react: 19.2.3

  '@radix-ui/react-popper@1.2.8(react-dom@19.2.3(react@19.2.3))(react@19.2.3)':
    dependencies:
      '@floating-ui/react-dom': 2.1.6(react-dom@19.2.3(react@19.2.3))(react@19.2.3)
      '@radix-ui/react-arrow': 1.1.7(react-dom@19.2.3(react@19.2.3))(react@19.2.3)
      '@radix-ui/react-compose-refs': 1.1.2(react@19.2.3)
      '@radix-ui/react-context': 1.1.2(react@19.2.3)
      '@radix-ui/react-primitive': 2.1.3(react-dom@19.2.3(react@19.2.3))(react@19.2.3)
      '@radix-ui/react-use-callback-ref': 1.1.1(react@19.2.3)
      '@radix-ui/react-use-layout-effect': 1.1.1(react@19.2.3)
      '@radix-ui/react-use-rect': 1.1.1(react@19.2.3)
      '@radix-ui/react-use-size': 1.1.1(react@19.2.3)
      '@radix-ui/rect': 1.1.1
      react: 19.2.3
      react-dom: 19.2.3(react@19.2.3)

  '@radix-ui/react-portal@1.1.9(react-dom@19.2.3(react@19.2.3))(react@19.2.3)':
    dependencies:
      '@radix-ui/react-primitive': 2.1.3(react-dom@19.2.3(react@19.2.3))(react@19.2.3)
      '@radix-ui/react-use-layout-effect': 1.1.1(react@19.2.3)
      react: 19.2.3
      react-dom: 19.2.3(react@19.2.3)

  '@radix-ui/react-presence@1.1.5(react-dom@19.2.3(react@19.2.3))(react@19.2.3)':
    dependencies:
      '@radix-ui/react-compose-refs': 1.1.2(react@19.2.3)
      '@radix-ui/react-use-layout-effect': 1.1.1(react@19.2.3)
      react: 19.2.3
      react-dom: 19.2.3(react@19.2.3)

  '@radix-ui/react-primitive@2.1.3(react-dom@19.2.3(react@19.2.3))(react@19.2.3)':
    dependencies:
      '@radix-ui/react-slot': 1.2.3(react@19.2.3)
      react: 19.2.3
      react-dom: 19.2.3(react@19.2.3)

  '@radix-ui/react-primitive@2.1.4(react-dom@19.2.3(react@19.2.3))(react@19.2.3)':
    dependencies:
      '@radix-ui/react-slot': 1.2.4(react@19.2.3)
      react: 19.2.3
      react-dom: 19.2.3(react@19.2.3)

  '@radix-ui/react-progress@1.1.8(react-dom@19.2.3(react@19.2.3))(react@19.2.3)':
    dependencies:
      '@radix-ui/react-context': 1.1.3(react@19.2.3)
      '@radix-ui/react-primitive': 2.1.4(react-dom@19.2.3(react@19.2.3))(react@19.2.3)
      react: 19.2.3
      react-dom: 19.2.3(react@19.2.3)

  '@radix-ui/react-roving-focus@1.1.11(react-dom@19.2.3(react@19.2.3))(react@19.2.3)':
    dependencies:
      '@radix-ui/primitive': 1.1.3
      '@radix-ui/react-collection': 1.1.7(react-dom@19.2.3(react@19.2.3))(react@19.2.3)
      '@radix-ui/react-compose-refs': 1.1.2(react@19.2.3)
      '@radix-ui/react-context': 1.1.2(react@19.2.3)
      '@radix-ui/react-direction': 1.1.1(react@19.2.3)
      '@radix-ui/react-id': 1.1.1(react@19.2.3)
      '@radix-ui/react-primitive': 2.1.3(react-dom@19.2.3(react@19.2.3))(react@19.2.3)
      '@radix-ui/react-use-callback-ref': 1.1.1(react@19.2.3)
      '@radix-ui/react-use-controllable-state': 1.2.2(react@19.2.3)
      react: 19.2.3
      react-dom: 19.2.3(react@19.2.3)

  '@radix-ui/react-select@2.2.6(react-dom@19.2.3(react@19.2.3))(react@19.2.3)':
    dependencies:
      '@radix-ui/number': 1.1.1
      '@radix-ui/primitive': 1.1.3
      '@radix-ui/react-collection': 1.1.7(react-dom@19.2.3(react@19.2.3))(react@19.2.3)
      '@radix-ui/react-compose-refs': 1.1.2(react@19.2.3)
      '@radix-ui/react-context': 1.1.2(react@19.2.3)
      '@radix-ui/react-direction': 1.1.1(react@19.2.3)
      '@radix-ui/react-dismissable-layer': 1.1.11(react-dom@19.2.3(react@19.2.3))(react@19.2.3)
      '@radix-ui/react-focus-guards': 1.1.3(react@19.2.3)
      '@radix-ui/react-focus-scope': 1.1.7(react-dom@19.2.3(react@19.2.3))(react@19.2.3)
      '@radix-ui/react-id': 1.1.1(react@19.2.3)
      '@radix-ui/react-popper': 1.2.8(react-dom@19.2.3(react@19.2.3))(react@19.2.3)
      '@radix-ui/react-portal': 1.1.9(react-dom@19.2.3(react@19.2.3))(react@19.2.3)
      '@radix-ui/react-primitive': 2.1.3(react-dom@19.2.3(react@19.2.3))(react@19.2.3)
      '@radix-ui/react-slot': 1.2.3(react@19.2.3)
      '@radix-ui/react-use-callback-ref': 1.1.1(react@19.2.3)
      '@radix-ui/react-use-controllable-state': 1.2.2(react@19.2.3)
      '@radix-ui/react-use-layout-effect': 1.1.1(react@19.2.3)
      '@radix-ui/react-use-previous': 1.1.1(react@19.2.3)
      '@radix-ui/react-visually-hidden': 1.2.3(react-dom@19.2.3(react@19.2.3))(react@19.2.3)
      aria-hidden: 1.2.6
      react: 19.2.3
      react-dom: 19.2.3(react@19.2.3)
      react-remove-scroll: 2.7.2(react@19.2.3)

  '@radix-ui/react-slot@1.2.3(react@19.2.3)':
    dependencies:
      '@radix-ui/react-compose-refs': 1.1.2(react@19.2.3)
      react: 19.2.3

  '@radix-ui/react-slot@1.2.4(react@19.2.3)':
    dependencies:
      '@radix-ui/react-compose-refs': 1.1.2(react@19.2.3)
      react: 19.2.3

  '@radix-ui/react-tabs@1.1.13(react-dom@19.2.3(react@19.2.3))(react@19.2.3)':
    dependencies:
      '@radix-ui/primitive': 1.1.3
      '@radix-ui/react-context': 1.1.2(react@19.2.3)
      '@radix-ui/react-direction': 1.1.1(react@19.2.3)
      '@radix-ui/react-id': 1.1.1(react@19.2.3)
      '@radix-ui/react-presence': 1.1.5(react-dom@19.2.3(react@19.2.3))(react@19.2.3)
      '@radix-ui/react-primitive': 2.1.3(react-dom@19.2.3(react@19.2.3))(react@19.2.3)
      '@radix-ui/react-roving-focus': 1.1.11(react-dom@19.2.3(react@19.2.3))(react@19.2.3)
      '@radix-ui/react-use-controllable-state': 1.2.2(react@19.2.3)
      react: 19.2.3
      react-dom: 19.2.3(react@19.2.3)

  '@radix-ui/react-toggle@1.1.10(react-dom@19.2.3(react@19.2.3))(react@19.2.3)':
    dependencies:
      '@radix-ui/primitive': 1.1.3
      '@radix-ui/react-primitive': 2.1.3(react-dom@19.2.3(react@19.2.3))(react@19.2.3)
      '@radix-ui/react-use-controllable-state': 1.2.2(react@19.2.3)
      react: 19.2.3
      react-dom: 19.2.3(react@19.2.3)

  '@radix-ui/react-use-callback-ref@1.1.1(react@19.2.3)':
    dependencies:
      react: 19.2.3

  '@radix-ui/react-use-controllable-state@1.2.2(react@19.2.3)':
    dependencies:
      '@radix-ui/react-use-effect-event': 0.0.2(react@19.2.3)
      '@radix-ui/react-use-layout-effect': 1.1.1(react@19.2.3)
      react: 19.2.3

  '@radix-ui/react-use-effect-event@0.0.2(react@19.2.3)':
    dependencies:
      '@radix-ui/react-use-layout-effect': 1.1.1(react@19.2.3)
      react: 19.2.3

  '@radix-ui/react-use-escape-keydown@1.1.1(react@19.2.3)':
    dependencies:
      '@radix-ui/react-use-callback-ref': 1.1.1(react@19.2.3)
      react: 19.2.3

  '@radix-ui/react-use-layout-effect@1.1.1(react@19.2.3)':
    dependencies:
      react: 19.2.3

  '@radix-ui/react-use-previous@1.1.1(react@19.2.3)':
    dependencies:
      react: 19.2.3

  '@radix-ui/react-use-rect@1.1.1(react@19.2.3)':
    dependencies:
      '@radix-ui/rect': 1.1.1
      react: 19.2.3

  '@radix-ui/react-use-size@1.1.1(react@19.2.3)':
    dependencies:
      '@radix-ui/react-use-layout-effect': 1.1.1(react@19.2.3)
      react: 19.2.3

  '@radix-ui/react-visually-hidden@1.2.3(react-dom@19.2.3(react@19.2.3))(react@19.2.3)':
    dependencies:
      '@radix-ui/react-primitive': 2.1.3(react-dom@19.2.3(react@19.2.3))(react@19.2.3)
      react: 19.2.3
      react-dom: 19.2.3(react@19.2.3)

  '@radix-ui/react-visually-hidden@1.2.4(react-dom@19.2.3(react@19.2.3))(react@19.2.3)':
    dependencies:
      '@radix-ui/react-primitive': 2.1.4(react-dom@19.2.3(react@19.2.3))(react@19.2.3)
      react: 19.2.3
      react-dom: 19.2.3(react@19.2.3)

  '@radix-ui/rect@1.1.1': {}

  '@standard-schema/utils@0.3.0': {}

  '@tanstack/query-core@5.90.14': {}

  '@tanstack/react-query@5.90.14(react@19.2.3)':
    dependencies:
      '@tanstack/query-core': 5.90.14
      react: 19.2.3

  aria-hidden@1.2.6:
    dependencies:
      tslib: 2.8.1

  asynckit@0.4.0: {}

  axios@1.13.2:
    dependencies:
      follow-redirects: 1.15.11
      form-data: 4.0.5
      proxy-from-env: 1.1.0
    transitivePeerDependencies:
      - debug

  call-bind-apply-helpers@1.0.2:
    dependencies:
      es-errors: 1.3.0
      function-bind: 1.1.2

  cmdk@1.1.1(react-dom@19.2.3(react@19.2.3))(react@19.2.3):
    dependencies:
      '@radix-ui/react-compose-refs': 1.1.2(react@19.2.3)
      '@radix-ui/react-dialog': 1.1.15(react-dom@19.2.3(react@19.2.3))(react@19.2.3)
      '@radix-ui/react-id': 1.1.1(react@19.2.3)
      '@radix-ui/react-primitive': 2.1.3(react-dom@19.2.3(react@19.2.3))(react@19.2.3)
      react: 19.2.3
      react-dom: 19.2.3(react@19.2.3)

  combined-stream@1.0.8:
    dependencies:
      delayed-stream: 1.0.0

  delayed-stream@1.0.0: {}

  detect-node-es@1.1.0: {}

  dunder-proto@1.0.1:
    dependencies:
      call-bind-apply-helpers: 1.0.2
      es-errors: 1.3.0
      gopd: 1.2.0

  es-define-property@1.0.1: {}

  es-errors@1.3.0: {}

  es-object-atoms@1.1.1:
    dependencies:
      es-errors: 1.3.0

  es-set-tostringtag@2.1.0:
    dependencies:
      es-errors: 1.3.0
      get-intrinsic: 1.3.0
      has-tostringtag: 1.0.2
      hasown: 2.0.2

  follow-redirects@1.15.11: {}

  form-data@4.0.5:
    dependencies:
      asynckit: 0.4.0
      combined-stream: 1.0.8
      es-set-tostringtag: 2.1.0
      hasown: 2.0.2
      mime-types: 2.1.35

  function-bind@1.1.2: {}

  get-intrinsic@1.3.0:
    dependencies:
      call-bind-apply-helpers: 1.0.2
      es-define-property: 1.0.1
      es-errors: 1.3.0
      es-object-atoms: 1.1.1
      function-bind: 1.1.2
      get-proto: 1.0.1
      gopd: 1.2.0
      has-symbols: 1.1.0
      hasown: 2.0.2
      math-intrinsics: 1.1.0

  get-nonce@1.0.1: {}

  get-proto@1.0.1:
    dependencies:
      dunder-proto: 1.0.1
      es-object-atoms: 1.1.1

  gopd@1.2.0: {}

  has-symbols@1.1.0: {}

  has-tostringtag@1.0.2:
    dependencies:
      has-symbols: 1.1.0

  hasown@2.0.2:
    dependencies:
      function-bind: 1.1.2

  lucide-react@0.562.0(react@19.2.3):
    dependencies:
      react: 19.2.3

  math-intrinsics@1.1.0: {}

  mime-db@1.52.0: {}

  mime-types@2.1.35:
    dependencies:
      mime-db: 1.52.0

  next-themes@0.4.6(react-dom@19.2.3(react@19.2.3))(react@19.2.3):
    dependencies:
      react: 19.2.3
      react-dom: 19.2.3(react@19.2.3)

  proxy-from-env@1.1.0: {}

  react-dom@19.2.3(react@19.2.3):
    dependencies:
      react: 19.2.3
      scheduler: 0.27.0

  react-hook-form@7.69.0(react@19.2.3):
    dependencies:
      react: 19.2.3

  react-remove-scroll-bar@2.3.8(react@19.2.3):
    dependencies:
      react: 19.2.3
      react-style-singleton: 2.2.3(react@19.2.3)
      tslib: 2.8.1

  react-remove-scroll@2.7.2(react@19.2.3):
    dependencies:
      react: 19.2.3
      react-remove-scroll-bar: 2.3.8(react@19.2.3)
      react-style-singleton: 2.2.3(react@19.2.3)
      tslib: 2.8.1
      use-callback-ref: 1.3.3(react@19.2.3)
      use-sidecar: 1.1.3(react@19.2.3)

  react-style-singleton@2.2.3(react@19.2.3):
    dependencies:
      get-nonce: 1.0.1
      react: 19.2.3
      tslib: 2.8.1

  react@19.2.3: {}

  scheduler@0.27.0: {}

  tslib@2.8.1: {}

  use-callback-ref@1.3.3(react@19.2.3):
    dependencies:
      react: 19.2.3
      tslib: 2.8.1

  use-sidecar@1.1.3(react@19.2.3):
    dependencies:
      detect-node-es: 1.1.0
      react: 19.2.3
      tslib: 2.8.1

  zod@4.2.1: {}
